{
    "hash": "edea4cb9ee4d1b0a98a76843fe7d16c3",
    "packages": [
        {
            "name": "kriswallsmith/assetic",
            "version": "v1.0.4",
            "source": {
                "type": "git",
                "url": "http://github.com/kriswallsmith/assetic.git",
                "reference": "v1.0.4"
            },
            "dist": {
                "type": "zip",
                "url": "https://github.com/kriswallsmith/assetic/zipball/v1.0.4",
                "reference": "v1.0.4",
                "shasum": ""
            },
            "require": {
                "php": ">=5.3.1"
            },
            "time": "2012-08-28 05:18:28",
            "type": "library",
            "installation-source": "dist",
            "autoload": {
                "psr-0": {
                    "Assetic": "src/"
                }
            },
            "notification-url": "https://packagist.org/downloads/",
            "license": [
                "MIT"
            ],
            "authors": [
                {
                    "name": "Kris Wallsmith",
                    "email": "kris.wallsmith@gmail.com",
                    "homepage": "http://kriswallsmith.net/"
                }
            ],
            "description": "Asset Management for PHP",
            "homepage": "https://github.com/kriswallsmith/assetic",
            "keywords": [
                "assets",
                "compression",
                "minification"
            ]
        },
        {
            "name": "pu/fuel-util",
            "version": "0.0.1",
            "source": {
                "type": "git",
                "url": "https://github.com/PaoloUmali/fuel-util",
                "reference": "0.0.1"
            },
            "dist": {
                "type": "zip",
                "url": "https://github.com/PaoloUmali/fuel-util/archive/0.0.1.zip",
                "reference": "0.0.1",
                "shasum": ""
            },
            "require": {
                "php": ">=5.3.0"
            },
            "time": "2012-12-22 01:47:07",
            "type": "library",
            "installation-source": "dist",
            "autoload": {
                "psr-0": {
                    "Fuel\\Util": "src/"
                }
            },
            "notification-url": "https://packagist.org/downloads/",
            "authors": [
                {
                    "name": "Paolo Umali",
                    "email": "dev@paoloumali.com",
                    "role": "Consumer"
                }
            ],
            "description": "A library of useful php helpers from FuelPHP.",
            "keywords": [
                "php",
                "helpers",
                "underscore"
            ]
        },
        {
            "name": "pu/underscore",
            "version": "dev-master",
            "source": {
                "type": "git",
                "url": "https://github.com/PaoloUmali/Underscore",
                "reference": "fbb38b6a2044dff6b3a06549f1ea21fd6a4d4e89"
            },
            "dist": {
                "type": "zip",
                "url": "https://github.com/PaoloUmali/Underscore/archive/fbb38b6a2044dff6b3a06549f1ea21fd6a4d4e89.zip",
                "reference": "fbb38b6a2044dff6b3a06549f1ea21fd6a4d4e89",
                "shasum": ""
            },
            "require": {
                "php": ">=5.3.0",
                "pu/fuel-util": ">=0.0.1"
            },
            "time": "2012-12-23 08:35:23",
            "type": "library",
            "installation-source": "source",
            "autoload": {
                "psr-0": {
                    "PU\\Underscore": "src/"
                }
            },
            "notification-url": "https://packagist.org/downloads/",
            "authors": [
                {
                    "name": "Paolo Umali",
                    "email": "dev@paoloumali.com",
                    "role": "Developer"
                }
            ],
            "description": "A library of useful php helpers.",
            "keywords": [
                "php",
                "helpers",
                "underscore"
            ]
        }
    ],
    "packages-dev": null,
    "aliases": [

    ],
    "minimum-stability": "stable",
    "stability-flags": {
        "pu/underscore": 20
    }
}
